{
  "name": "eks-cdk-utils",
  "version": "0.1.0",
  "lockfileVersion": 1,
  "requires": true,
  "dependencies": {
    "@aws-cdk/assets": {
      "version": "1.97.0",
      "resolved": "https://registry.npmjs.org/@aws-cdk/assets/-/assets-1.97.0.tgz",
      "integrity": "sha512-4cWeGX08rLS5ab3n4Xbw4SSIiiDUoP7RB6Hq3GLfNWZkzMwkKGOooHZvFQ/ANErnXIy2966wpIQCTBYU//yWlg==",
      "requires": {
        "@aws-cdk/core": "1.97.0",
        "@aws-cdk/cx-api": "1.97.0",
        "constructs": "^3.3.69"
      }
    },
    "@aws-cdk/aws-applicationautoscaling": {
      "version": "1.97.0",
      "resolved": "https://registry.npmjs.org/@aws-cdk/aws-applicationautoscaling/-/aws-applicationautoscaling-1.97.0.tgz",
      "integrity": "sha512-W8mttB8Yv5n2gaqfPLfC3aSkcjaGpxrgfzpS2N9G8Ji+s2vXtvZY+U//FVizfk6T2nN4KUnhqpgEHHq6pux6Nw==",
      "requires": {
        "@aws-cdk/aws-autoscaling-common": "1.97.0",
        "@aws-cdk/aws-cloudwatch": "1.97.0",
        "@aws-cdk/aws-iam": "1.97.0",
        "@aws-cdk/core": "1.97.0",
        "constructs": "^3.3.69"
      }
    },
    "@aws-cdk/aws-autoscaling": {
      "version": "1.97.0",
      "resolved": "https://registry.npmjs.org/@aws-cdk/aws-autoscaling/-/aws-autoscaling-1.97.0.tgz",
      "integrity": "sha512-/wFsPn5/pV6/4EspBemmkhwdci7SFzaQkk8PShhFt5pxgBBXbE2oUEsWHWkYQSPQ2R6eCCivW0IzWbeGMJuM/w==",
      "requires": {
        "@aws-cdk/aws-autoscaling-common": "1.97.0",
        "@aws-cdk/aws-cloudwatch": "1.97.0",
        "@aws-cdk/aws-ec2": "1.97.0",
        "@aws-cdk/aws-elasticloadbalancing": "1.97.0",
        "@aws-cdk/aws-elasticloadbalancingv2": "1.97.0",
        "@aws-cdk/aws-iam": "1.97.0",
        "@aws-cdk/aws-sns": "1.97.0",
        "@aws-cdk/core": "1.97.0",
        "constructs": "^3.3.69"
      }
    },
    "@aws-cdk/aws-autoscaling-common": {
      "version": "1.97.0",
      "resolved": "https://registry.npmjs.org/@aws-cdk/aws-autoscaling-common/-/aws-autoscaling-common-1.97.0.tgz",
      "integrity": "sha512-HL1b53r0RR3+DMDOEsEbnT5ICdo262a8vEUNS5VBV49gy9pmGa16stxj7XiOW/rW0sykSk2d46ZJHmwT1E4KIA==",
      "requires": {
        "@aws-cdk/aws-iam": "1.97.0",
        "@aws-cdk/core": "1.97.0",
        "constructs": "^3.3.69"
      }
    },
    "@aws-cdk/aws-certificatemanager": {
      "version": "1.97.0",
      "resolved": "https://registry.npmjs.org/@aws-cdk/aws-certificatemanager/-/aws-certificatemanager-1.97.0.tgz",
      "integrity": "sha512-4CpK0sg8gB2AkNzTbVfVElr8tPpKKQtS0F/lJnWfJZAzxD3/uHnv/YILy6rC544vVwHhTsXLb762vRJlytvz8g==",
      "requires": {
        "@aws-cdk/aws-iam": "1.97.0",
        "@aws-cdk/aws-lambda": "1.97.0",
        "@aws-cdk/aws-route53": "1.97.0",
        "@aws-cdk/core": "1.97.0",
        "constructs": "^3.3.69"
      }
    },
    "@aws-cdk/aws-cloudformation": {
      "version": "1.97.0",
      "resolved": "https://registry.npmjs.org/@aws-cdk/aws-cloudformation/-/aws-cloudformation-1.97.0.tgz",
      "integrity": "sha512-MFWavjy2430e3drUvjaHTqMRAdulS7zpRh7BvsIhUyxF7I1M/42fqMvgze2Jk5nlorYVSkw5F7GJ3FUafj0x0A==",
      "requires": {
        "@aws-cdk/aws-iam": "1.97.0",
        "@aws-cdk/aws-lambda": "1.97.0",
        "@aws-cdk/aws-s3": "1.97.0",
        "@aws-cdk/aws-sns": "1.97.0",
        "@aws-cdk/core": "1.97.0",
        "@aws-cdk/cx-api": "1.97.0",
        "constructs": "^3.3.69"
      }
    },
    "@aws-cdk/aws-cloudwatch": {
      "version": "1.97.0",
      "resolved": "https://registry.npmjs.org/@aws-cdk/aws-cloudwatch/-/aws-cloudwatch-1.97.0.tgz",
      "integrity": "sha512-+SA33W6MTYCBUCohCoVHI15dKEWoY8MA84Kr2N7Qw/zI2DPyLljg46z7JbKNRjh95udrLyGEA4JYzm0U8x3o2g==",
      "requires": {
        "@aws-cdk/aws-iam": "1.97.0",
        "@aws-cdk/core": "1.97.0",
        "constructs": "^3.3.69"
      }
    },
    "@aws-cdk/aws-codeguruprofiler": {
      "version": "1.97.0",
      "resolved": "https://registry.npmjs.org/@aws-cdk/aws-codeguruprofiler/-/aws-codeguruprofiler-1.97.0.tgz",
      "integrity": "sha512-yZdoZAT3jtqP6gf38gA53fz/IukceIxNQwzMQRFLw5ZHESlN5v2wWhXIsAj4b2BEtX4SPmEUIYB6ng2UFGIQJg==",
      "requires": {
        "@aws-cdk/aws-iam": "1.97.0",
        "@aws-cdk/core": "1.97.0",
        "constructs": "^3.3.69"
      }
    },
    "@aws-cdk/aws-ec2": {
      "version": "1.97.0",
      "resolved": "https://registry.npmjs.org/@aws-cdk/aws-ec2/-/aws-ec2-1.97.0.tgz",
      "integrity": "sha512-jwwNVDGM0D/gksSfzKOhxQKnZAPvlV7wT9ERGIHBcE3AsUt9/D+TW6w4DSesjcY9wqfoLtsFB12H++8ceO3J7w==",
      "requires": {
        "@aws-cdk/aws-cloudwatch": "1.97.0",
        "@aws-cdk/aws-iam": "1.97.0",
        "@aws-cdk/aws-kms": "1.97.0",
        "@aws-cdk/aws-logs": "1.97.0",
        "@aws-cdk/aws-s3": "1.97.0",
        "@aws-cdk/aws-s3-assets": "1.97.0",
        "@aws-cdk/aws-ssm": "1.97.0",
        "@aws-cdk/cloud-assembly-schema": "1.97.0",
        "@aws-cdk/core": "1.97.0",
        "@aws-cdk/cx-api": "1.97.0",
        "@aws-cdk/region-info": "1.97.0",
        "constructs": "^3.3.69"
      }
    },
    "@aws-cdk/aws-ecr": {
      "version": "1.97.0",
      "resolved": "https://registry.npmjs.org/@aws-cdk/aws-ecr/-/aws-ecr-1.97.0.tgz",
      "integrity": "sha512-n/i6FMjffzujTKovKlI/D3EnSAs6hxZ4wD5bo0De1ApKj5C/emEzB7+7OiG80paK9+hSxeKK82m+Ro2LWgrvWg==",
      "requires": {
        "@aws-cdk/aws-events": "1.97.0",
        "@aws-cdk/aws-iam": "1.97.0",
        "@aws-cdk/core": "1.97.0",
        "constructs": "^3.3.69"
      }
    },
    "@aws-cdk/aws-ecr-assets": {
      "version": "1.97.0",
      "resolved": "https://registry.npmjs.org/@aws-cdk/aws-ecr-assets/-/aws-ecr-assets-1.97.0.tgz",
      "integrity": "sha512-KeZlaoEU/VeC6WGFw3zSpEAP0L/ehYvJ7hRarEeabgZrOXRzejJNUoN0Z656+XwZ8DyN27XE4bywTgkkhUIjng==",
      "requires": {
        "@aws-cdk/assets": "1.97.0",
        "@aws-cdk/aws-ecr": "1.97.0",
        "@aws-cdk/aws-iam": "1.97.0",
        "@aws-cdk/aws-s3": "1.97.0",
        "@aws-cdk/core": "1.97.0",
        "@aws-cdk/cx-api": "1.97.0",
        "constructs": "^3.3.69",
        "minimatch": "^3.0.4"
      },
      "dependencies": {
        "minimatch": {
          "version": "3.0.4",
          "resolved": "https://registry.npmjs.org/minimatch/-/minimatch-3.0.4.tgz",
          "integrity": "sha512-yJHVQEhyqPLUTgt9B83PXu6W3rx4MvvHvSUvToogpwoGDOUQ+yDrR0HRot+yOCdCO7u4hX3pWft6kWBBcqh0UA==",
          "requires": {
            "brace-expansion": "^1.1.7"
          }
        }
      }
    },
    "@aws-cdk/aws-efs": {
      "version": "1.97.0",
      "resolved": "https://registry.npmjs.org/@aws-cdk/aws-efs/-/aws-efs-1.97.0.tgz",
      "integrity": "sha512-cdO7O5aljKV6dvhKRb/pg2lVrHMIz8zSu9FpY2XAxs8HUw8CvcnFSrzowSJavE9P2+JAnHonEMVKeyzfNhL+CA==",
      "requires": {
        "@aws-cdk/aws-ec2": "1.97.0",
        "@aws-cdk/aws-kms": "1.97.0",
        "@aws-cdk/cloud-assembly-schema": "1.97.0",
        "@aws-cdk/core": "1.97.0",
        "@aws-cdk/cx-api": "1.97.0",
        "constructs": "^3.3.69"
      }
    },
    "@aws-cdk/aws-eks": {
      "version": "1.97.0",
      "resolved": "https://registry.npmjs.org/@aws-cdk/aws-eks/-/aws-eks-1.97.0.tgz",
      "integrity": "sha512-K+vqYNVZ3vGRLWIynv4uCSPsa91zXF1tRYXk4ZpMaREIuNcvkwAszv195YSsIYBOKawOhoP8OcTxd0ve3JZlyw==",
      "requires": {
        "@aws-cdk/aws-autoscaling": "1.97.0",
        "@aws-cdk/aws-ec2": "1.97.0",
        "@aws-cdk/aws-iam": "1.97.0",
        "@aws-cdk/aws-kms": "1.97.0",
        "@aws-cdk/aws-lambda": "1.97.0",
        "@aws-cdk/aws-ssm": "1.97.0",
        "@aws-cdk/core": "1.97.0",
        "@aws-cdk/custom-resources": "1.97.0",
        "@aws-cdk/lambda-layer-awscli": "1.97.0",
        "@aws-cdk/lambda-layer-kubectl": "1.97.0",
        "constructs": "^3.3.69",
        "yaml": "1.10.2"
      }
    },
    "@aws-cdk/aws-elasticloadbalancing": {
      "version": "1.97.0",
      "resolved": "https://registry.npmjs.org/@aws-cdk/aws-elasticloadbalancing/-/aws-elasticloadbalancing-1.97.0.tgz",
      "integrity": "sha512-6hnhrniONwZbwOCpRTQjrP8xfFiH7kvPGoyLkpdII7hNt1sHMPlUoQ0iMbmNb4KQg8WkFqCVtF6HA6iU8jbV5g==",
      "requires": {
        "@aws-cdk/aws-ec2": "1.97.0",
        "@aws-cdk/core": "1.97.0",
        "constructs": "^3.3.69"
      }
    },
    "@aws-cdk/aws-elasticloadbalancingv2": {
      "version": "1.97.0",
      "resolved": "https://registry.npmjs.org/@aws-cdk/aws-elasticloadbalancingv2/-/aws-elasticloadbalancingv2-1.97.0.tgz",
      "integrity": "sha512-4Fmf+RcArzhDvN9NPvAsoXUstN7qZuuqaY09dKGfV465p2963DV5iHtBoO4y/tpknL20qtdaxP6dKkGlVhekOQ==",
      "requires": {
        "@aws-cdk/aws-certificatemanager": "1.97.0",
        "@aws-cdk/aws-cloudwatch": "1.97.0",
        "@aws-cdk/aws-ec2": "1.97.0",
        "@aws-cdk/aws-iam": "1.97.0",
        "@aws-cdk/aws-lambda": "1.97.0",
        "@aws-cdk/aws-s3": "1.97.0",
        "@aws-cdk/cloud-assembly-schema": "1.97.0",
        "@aws-cdk/core": "1.97.0",
        "@aws-cdk/cx-api": "1.97.0",
        "@aws-cdk/region-info": "1.97.0",
        "constructs": "^3.3.69"
      }
    },
    "@aws-cdk/aws-events": {
      "version": "1.97.0",
      "resolved": "https://registry.npmjs.org/@aws-cdk/aws-events/-/aws-events-1.97.0.tgz",
      "integrity": "sha512-vi+qtUgSHuTpPHF0sBW03qxeMhlw/YOHFi3sN28/Bq7W7VpjYA/avrLVSSpcBPzGN8vlC+6jKJAQQZLpSqRJbA==",
      "requires": {
        "@aws-cdk/aws-iam": "1.97.0",
        "@aws-cdk/core": "1.97.0",
        "constructs": "^3.3.69"
      }
    },
    "@aws-cdk/aws-iam": {
      "version": "1.97.0",
      "resolved": "https://registry.npmjs.org/@aws-cdk/aws-iam/-/aws-iam-1.97.0.tgz",
      "integrity": "sha512-WV+1T5Payi3QR8uoEQRgeOVK9zP0cJ2KNRr2Y5Sa6oEMPTaZZxxX2zJ+pkGf9DdNmEChMSarHRMXJ1a3AHGjQg==",
      "requires": {
        "@aws-cdk/core": "1.97.0",
        "@aws-cdk/region-info": "1.97.0",
        "constructs": "^3.3.69"
      }
    },
    "@aws-cdk/aws-kms": {
      "version": "1.97.0",
      "resolved": "https://registry.npmjs.org/@aws-cdk/aws-kms/-/aws-kms-1.97.0.tgz",
      "integrity": "sha512-1oY6Z5ctqV48qlybu6ZszlYgtea+IxnxSJB3/2lbIZgmFWXLfRn8aWo28E1vN10vAgS+Rl67Thq9dLuggvIgmw==",
      "requires": {
        "@aws-cdk/aws-iam": "1.97.0",
        "@aws-cdk/core": "1.97.0",
        "@aws-cdk/cx-api": "1.97.0",
        "constructs": "^3.3.69"
      }
    },
    "@aws-cdk/aws-lambda": {
      "version": "1.97.0",
      "resolved": "https://registry.npmjs.org/@aws-cdk/aws-lambda/-/aws-lambda-1.97.0.tgz",
      "integrity": "sha512-8Op9oAWIDeHdDu5kx+UH9xXHdj3RIW9eE0JeA3Gh7lNMD3AL6VAm29/QCt9sPyWnRRDgjhPVvw2h6mU9IQKa1w==",
      "requires": {
        "@aws-cdk/aws-applicationautoscaling": "1.97.0",
        "@aws-cdk/aws-cloudwatch": "1.97.0",
        "@aws-cdk/aws-codeguruprofiler": "1.97.0",
        "@aws-cdk/aws-ec2": "1.97.0",
        "@aws-cdk/aws-ecr": "1.97.0",
        "@aws-cdk/aws-ecr-assets": "1.97.0",
        "@aws-cdk/aws-efs": "1.97.0",
        "@aws-cdk/aws-events": "1.97.0",
        "@aws-cdk/aws-iam": "1.97.0",
        "@aws-cdk/aws-kms": "1.97.0",
        "@aws-cdk/aws-logs": "1.97.0",
        "@aws-cdk/aws-s3": "1.97.0",
        "@aws-cdk/aws-s3-assets": "1.97.0",
        "@aws-cdk/aws-signer": "1.97.0",
        "@aws-cdk/aws-sqs": "1.97.0",
        "@aws-cdk/core": "1.97.0",
        "@aws-cdk/cx-api": "1.97.0",
        "constructs": "^3.3.69"
      }
    },
    "@aws-cdk/aws-logs": {
      "version": "1.97.0",
      "resolved": "https://registry.npmjs.org/@aws-cdk/aws-logs/-/aws-logs-1.97.0.tgz",
      "integrity": "sha512-lJhDLCoWC1qdLAsTZggWkQcOz5EXJHSEuzEzd8w75YW3r75jm6N8GHvyzuck2xyW1upa5vVpbj12FJmlqnQJBQ==",
      "requires": {
        "@aws-cdk/aws-cloudwatch": "1.97.0",
        "@aws-cdk/aws-iam": "1.97.0",
        "@aws-cdk/aws-kms": "1.97.0",
        "@aws-cdk/aws-s3-assets": "1.97.0",
        "@aws-cdk/core": "1.97.0",
        "constructs": "^3.3.69"
      }
    },
    "@aws-cdk/aws-route53": {
      "version": "1.97.0",
      "resolved": "https://registry.npmjs.org/@aws-cdk/aws-route53/-/aws-route53-1.97.0.tgz",
      "integrity": "sha512-ccFY+/uqbPnV/v09MWhkj61bFPLAcb6fBq/mVZJFesF4K4Ky9SCtOnB0Q4n3JWZu2QTO4NQwvUPEFaeJbAHZ5w==",
      "requires": {
        "@aws-cdk/aws-ec2": "1.97.0",
        "@aws-cdk/aws-iam": "1.97.0",
        "@aws-cdk/aws-logs": "1.97.0",
        "@aws-cdk/cloud-assembly-schema": "1.97.0",
        "@aws-cdk/core": "1.97.0",
        "@aws-cdk/custom-resources": "1.97.0",
        "constructs": "^3.3.69"
      }
    },
    "@aws-cdk/aws-s3": {
      "version": "1.97.0",
      "resolved": "https://registry.npmjs.org/@aws-cdk/aws-s3/-/aws-s3-1.97.0.tgz",
      "integrity": "sha512-5YSIQXvQKFdbopEGy3mdmRxAQ3VR7mRj6EvPs4JcIEX4g/eejHQS/NerD3rPOywh+K4zCT+ntR5a/0qm0jlvcw==",
      "requires": {
        "@aws-cdk/aws-events": "1.97.0",
        "@aws-cdk/aws-iam": "1.97.0",
        "@aws-cdk/aws-kms": "1.97.0",
        "@aws-cdk/core": "1.97.0",
        "@aws-cdk/cx-api": "1.97.0",
        "constructs": "^3.3.69"
      }
    },
    "@aws-cdk/aws-s3-assets": {
      "version": "1.97.0",
      "resolved": "https://registry.npmjs.org/@aws-cdk/aws-s3-assets/-/aws-s3-assets-1.97.0.tgz",
      "integrity": "sha512-SRqT7jqWBRICMu+/9prJqalgZlryjlVz+idOgWcdDfXJMVfNkAEug7NPgnNSFhX80ZZUjJ2CI9JwFvVRMan7lg==",
      "requires": {
        "@aws-cdk/assets": "1.97.0",
        "@aws-cdk/aws-iam": "1.97.0",
        "@aws-cdk/aws-kms": "1.97.0",
        "@aws-cdk/aws-s3": "1.97.0",
        "@aws-cdk/core": "1.97.0",
        "@aws-cdk/cx-api": "1.97.0",
        "constructs": "^3.3.69"
      }
    },
    "@aws-cdk/aws-signer": {
      "version": "1.97.0",
      "resolved": "https://registry.npmjs.org/@aws-cdk/aws-signer/-/aws-signer-1.97.0.tgz",
      "integrity": "sha512-Ik1QeqNI+SPRW9uDUi3sSw3h3PEnUoUxDA97gGwZeLhXxerkNDVOnIr+RE8a+8nYtRk8aIK2nUSsLflIbBiwhQ==",
      "requires": {
        "@aws-cdk/core": "1.97.0",
        "constructs": "^3.3.69"
      }
    },
    "@aws-cdk/aws-sns": {
      "version": "1.97.0",
      "resolved": "https://registry.npmjs.org/@aws-cdk/aws-sns/-/aws-sns-1.97.0.tgz",
      "integrity": "sha512-u+iskHjeQAMJsc8DitaYMiZvAKPM0Plg07Qi3CdEj7cFZgJ3PXZU3aPXzq99DSU9TJwa2XmuISngRkm43RD7Pw==",
      "requires": {
        "@aws-cdk/aws-cloudwatch": "1.97.0",
        "@aws-cdk/aws-events": "1.97.0",
        "@aws-cdk/aws-iam": "1.97.0",
        "@aws-cdk/aws-kms": "1.97.0",
        "@aws-cdk/aws-sqs": "1.97.0",
        "@aws-cdk/core": "1.97.0",
        "constructs": "^3.3.69"
      }
    },
    "@aws-cdk/aws-sqs": {
      "version": "1.97.0",
      "resolved": "https://registry.npmjs.org/@aws-cdk/aws-sqs/-/aws-sqs-1.97.0.tgz",
      "integrity": "sha512-vhDOb5UuPdWgUmWpMVazKH3uhsCrJrslvHZa8NtlCDvzza+k7SMFXw2yl/11mBuIx4uhSwyc31Xf2/kladAYjg==",
      "requires": {
        "@aws-cdk/aws-cloudwatch": "1.97.0",
        "@aws-cdk/aws-iam": "1.97.0",
        "@aws-cdk/aws-kms": "1.97.0",
        "@aws-cdk/core": "1.97.0",
        "constructs": "^3.3.69"
      }
    },
    "@aws-cdk/aws-ssm": {
      "version": "1.97.0",
      "resolved": "https://registry.npmjs.org/@aws-cdk/aws-ssm/-/aws-ssm-1.97.0.tgz",
      "integrity": "sha512-72XNFF/m8ae1X8Aeti7j/LVL2kxoBf4Xt05CTypkwxG0NScu4eQxgdUOVNLR3mBAZp3iIpRTe9KERabF2MjuEQ==",
      "requires": {
        "@aws-cdk/aws-iam": "1.97.0",
        "@aws-cdk/aws-kms": "1.97.0",
        "@aws-cdk/cloud-assembly-schema": "1.97.0",
        "@aws-cdk/core": "1.97.0",
        "constructs": "^3.3.69"
      }
    },
    "@aws-cdk/cloud-assembly-schema": {
      "version": "1.97.0",
      "resolved": "https://registry.npmjs.org/@aws-cdk/cloud-assembly-schema/-/cloud-assembly-schema-1.97.0.tgz",
      "integrity": "sha512-rtvuwuzhNDGnHdLIcCw8dHdCHAPwUpVUvVaQdCX0QS0YHAH7n5QEYmOOXexvJtuedYkH3FslrMmXxy4vnpYzgA==",
      "requires": {
        "jsonschema": "^1.4.0",
        "semver": "^7.3.5"
      }
    },
    "@aws-cdk/core": {
      "version": "1.97.0",
      "resolved": "https://registry.npmjs.org/@aws-cdk/core/-/core-1.97.0.tgz",
      "integrity": "sha512-P8kdcWyQlmexy7FIA8KkRtUcBnSbBSg36vzsqCkRJySWgii4XKlRugyr6T8eRK6T74ZGu+OvSBD4izeDAO0SQQ==",
      "requires": {
        "@aws-cdk/cloud-assembly-schema": "1.97.0",
        "@aws-cdk/cx-api": "1.97.0",
        "@aws-cdk/region-info": "1.97.0",
        "@balena/dockerignore": "^1.0.2",
        "constructs": "^3.3.69",
        "fs-extra": "^9.1.0",
        "ignore": "^5.1.8",
        "minimatch": "^3.0.4"
      }
    },
    "@aws-cdk/custom-resources": {
      "version": "1.97.0",
      "resolved": "https://registry.npmjs.org/@aws-cdk/custom-resources/-/custom-resources-1.97.0.tgz",
      "integrity": "sha512-f8PQuB16ift20cbyleBwvFVbTvIXt36489PkTB6K/VkOKLPhc5X/zzs7phTvMmh9kD0TTxUUaSBbILWifOGLMw==",
      "requires": {
        "@aws-cdk/aws-cloudformation": "1.97.0",
        "@aws-cdk/aws-ec2": "1.97.0",
        "@aws-cdk/aws-iam": "1.97.0",
        "@aws-cdk/aws-lambda": "1.97.0",
        "@aws-cdk/aws-logs": "1.97.0",
        "@aws-cdk/aws-sns": "1.97.0",
        "@aws-cdk/core": "1.97.0",
        "constructs": "^3.3.69"
      }
    },
    "@aws-cdk/cx-api": {
      "version": "1.97.0",
      "resolved": "https://registry.npmjs.org/@aws-cdk/cx-api/-/cx-api-1.97.0.tgz",
      "integrity": "sha512-lOof3r5eIQjdi+OchUlqbWAGebEmuAeXhaMu6Hi9Y39p8TyxKbJ+iaHGlwSqUHx9eR18df1wrr8qx53uMXdj0g==",
      "requires": {
        "@aws-cdk/cloud-assembly-schema": "1.97.0",
        "semver": "^7.3.5"
      },
      "dependencies": {
        "semver": {
          "version": "7.3.5",
          "resolved": "https://registry.npmjs.org/semver/-/semver-7.3.5.tgz",
          "integrity": "sha512-PoeGJYh8HK4BTO/a9Tf6ZG3veo/A7ZVsYrSA6J8ny9nb3B1VrpkuN+z9OE5wfE5p6H4LchYZsegiQgbJD94ZFQ==",
          "requires": {
            "lru-cache": "^6.0.0"
          }
        }
      }
    },
    "@aws-cdk/lambda-layer-awscli": {
      "version": "1.97.0",
      "resolved": "https://registry.npmjs.org/@aws-cdk/lambda-layer-awscli/-/lambda-layer-awscli-1.97.0.tgz",
      "integrity": "sha512-QF9T/8fSkRLVLS7KqirGkhot2ccgT6prh6siV0fUMeVEatZfEVI7dnGypOMZM6iz/6CcuRnOe/k3zRJiLKLX3g==",
      "requires": {
        "@aws-cdk/aws-lambda": "1.97.0",
        "@aws-cdk/core": "1.97.0",
        "constructs": "^3.3.69"
      }
    },
    "@aws-cdk/lambda-layer-kubectl": {
      "version": "1.97.0",
      "resolved": "https://registry.npmjs.org/@aws-cdk/lambda-layer-kubectl/-/lambda-layer-kubectl-1.97.0.tgz",
      "integrity": "sha512-Ym8k+LkSXpeGVM2KI0KtR1g1WZ+cNyq/Ew3D8xdewQ8ZS3o5IidY9d04oi20bo90/8Hjm4UXDJc6ByiiTVHRcg==",
      "requires": {
        "@aws-cdk/aws-lambda": "1.97.0",
        "@aws-cdk/core": "1.97.0",
        "constructs": "^3.3.69"
      }
    },
    "@aws-cdk/region-info": {
      "version": "1.97.0",
      "resolved": "https://registry.npmjs.org/@aws-cdk/region-info/-/region-info-1.97.0.tgz",
      "integrity": "sha512-I3MVCdzVeILLJEf4owcJy2qzoOx/wqVmg8b+YJ0PThVzQPeC2e3uXWzU3Ehj5sgn5W0ZgUDvD9sVhtgsAzFA5Q=="
    },
    "@balena/dockerignore": {
      "version": "1.0.2",
      "resolved": "https://registry.npmjs.org/@balena/dockerignore/-/dockerignore-1.0.2.tgz",
      "integrity": "sha512-wMue2Sy4GAVTk6Ic4tJVcnfdau+gx2EnG7S+uAEe+TWJFqE4YoWN4/H8MSLj4eYJKxGg26lZwboEniNiNwZQ6Q=="
    },
    "@types/axios": {
      "version": "0.14.0",
      "resolved": "https://registry.npmjs.org/@types/axios/-/axios-0.14.0.tgz",
      "integrity": "sha1-7CMA++fX3d1+udOr+HmZlkyvzkY=",
      "dev": true,
      "requires": {
        "axios": "*"
      }
    },
    "@types/js-yaml": {
      "version": "4.0.0",
      "resolved": "https://registry.npmjs.org/@types/js-yaml/-/js-yaml-4.0.0.tgz",
      "integrity": "sha512-4vlpCM5KPCL5CfGmTbpjwVKbISRYhduEJvvUWsH5EB7QInhEj94XPZ3ts/9FPiLZFqYO0xoW4ZL8z2AabTGgJA==",
      "dev": true
    },
    "@types/node": {
      "version": "14.14.41",
      "resolved": "https://registry.npmjs.org/@types/node/-/node-14.14.41.tgz",
      "integrity": "sha512-dueRKfaJL4RTtSa7bWeTK1M+VH+Gns73oCgzvYfHZywRCoPSd8EkXBL0mZ9unPTveBn+D9phZBaxuzpwjWkW0g==",
      "dev": true
    },
    "arg": {
      "version": "4.1.3",
      "resolved": "https://registry.npmjs.org/arg/-/arg-4.1.3.tgz",
      "integrity": "sha512-58S9QDqG0Xx27YwPSt9fJxivjYl432YCwfDMfZ+71RAqUrZef7LrKQZ3LHLOwCS4FLNBplP533Zx895SeOCHvA==",
      "dev": true
    },
    "argparse": {
      "version": "2.0.1",
      "resolved": "https://registry.npmjs.org/argparse/-/argparse-2.0.1.tgz",
      "integrity": "sha512-8+9WqebbFzpX9OR+Wa6O29asIogeRMzcGtAINdpMHHyAg10f05aSFVBbcEqGf/PXw1EjAZ+q2/bEBg3DvurK3Q=="
    },
    "at-least-node": {
      "version": "1.0.0",
      "resolved": "https://registry.npmjs.org/at-least-node/-/at-least-node-1.0.0.tgz",
      "integrity": "sha512-+q/t7Ekv1EDY2l6Gda6LLiX14rU9TV20Wa3ofeQmwPFZbOMo9DXrLbOjFaaclkXKWidIaopwAObQDqwWtGUjqg=="
    },
    "axios": {
      "version": "0.21.1",
      "resolved": "https://registry.npmjs.org/axios/-/axios-0.21.1.tgz",
      "integrity": "sha512-dKQiRHxGD9PPRIUNIWvZhPTPpl1rf/OxTYKsqKUDjBwYylTvV7SjSHJb9ratfyzM6wCdLCOYLzs73qpg5c4iGA==",
      "dev": true,
      "requires": {
        "follow-redirects": "^1.10.0"
      }
    },
    "balanced-match": {
      "version": "1.0.2",
      "resolved": "https://registry.npmjs.org/balanced-match/-/balanced-match-1.0.2.tgz",
      "integrity": "sha512-3oSeUO0TMV67hN1AmbXsK4yaqU7tjiHlbxRDZOpH0KW9+CeX4bRAaX0Anxt0tx2MrpRpWwQaPwIlISEJhYU5Pw=="
    },
    "brace-expansion": {
      "version": "1.1.11",
      "resolved": "https://registry.npmjs.org/brace-expansion/-/brace-expansion-1.1.11.tgz",
      "integrity": "sha512-iCuPHDFgrHX7H2vEI/5xpz07zSHB00TpugqhmYtVmMO6518mCuRMoOYFldEBl0g187ufozdaHgWKcYFb61qGiA==",
      "requires": {
        "balanced-match": "^1.0.0",
        "concat-map": "0.0.1"
      }
    },
    "buffer-from": {
      "version": "1.1.1",
      "resolved": "https://registry.npmjs.org/buffer-from/-/buffer-from-1.1.1.tgz",
      "integrity": "sha512-MQcXEUbCKtEo7bhqEs6560Hyd4XaovZlO/k9V3hjVUF/zwW7KBVdSK4gIt/bzwS9MbR5qob+F5jusZsb0YQK2A=="
    },
    "concat-map": {
      "version": "0.0.1",
      "resolved": "https://registry.npmjs.org/concat-map/-/concat-map-0.0.1.tgz",
      "integrity": "sha1-2Klr13/Wjfd5OnMDajug1UBdR3s="
    },
    "constructs": {
      "version": "3.3.71",
      "resolved": "https://registry.npmjs.org/constructs/-/constructs-3.3.71.tgz",
      "integrity": "sha512-3KFtTsA7OV27m/+pJhN4iJkKzHbPIPvyvEX5BQ/JCAWjfCHOQEVpIgxHLpT4i8L1OFta+pJrzcEVAHo6UitwqA=="
    },
    "create-require": {
      "version": "1.1.1",
      "resolved": "https://registry.npmjs.org/create-require/-/create-require-1.1.1.tgz",
      "integrity": "sha512-dcKFX3jn0MpIaXjisoRvexIJVEKzaq7z2rZKxf+MSr9TkdmHmsU4m2lcLojrj/FHl8mk5VxMmYA+ftRkP/3oKQ==",
      "dev": true
    },
    "diff": {
      "version": "4.0.2",
      "resolved": "https://registry.npmjs.org/diff/-/diff-4.0.2.tgz",
      "integrity": "sha512-58lmxKSA4BNyLz+HHMUzlOEpg09FV+ev6ZMe3vJihgdxzgcwZ8VoEEPmALCZG9LmqfVoNMMKpttIYTVG6uDY7A==",
      "dev": true
    },
    "follow-redirects": {
      "version": "1.13.3",
      "resolved": "https://registry.npmjs.org/follow-redirects/-/follow-redirects-1.13.3.tgz",
      "integrity": "sha512-DUgl6+HDzB0iEptNQEXLx/KhTmDb8tZUHSeLqpnjpknR70H0nC2t9N73BK6fN4hOvJ84pKlIQVQ4k5FFlBedKA==",
      "dev": true
    },
    "fs-extra": {
      "version": "9.1.0",
      "resolved": "https://registry.npmjs.org/fs-extra/-/fs-extra-9.1.0.tgz",
      "integrity": "sha512-hcg3ZmepS30/7BSFqRvoo3DOMQu7IjqxO5nCDt+zM9XWjb33Wg7ziNT+Qvqbuc3+gWpzO02JubVyk2G4Zvo1OQ==",
      "requires": {
        "at-least-node": "^1.0.0",
        "graceful-fs": "^4.2.0",
        "jsonfile": "^6.0.1",
        "universalify": "^2.0.0"
      }
    },
    "graceful-fs": {
      "version": "4.2.6",
      "resolved": "https://registry.npmjs.org/graceful-fs/-/graceful-fs-4.2.6.tgz",
      "integrity": "sha512-nTnJ528pbqxYanhpDYsi4Rd8MAeaBA67+RZ10CM1m3bTAVFEDcd5AuA4a6W5YkGZ1iNXHzZz8T6TBKLeBuNriQ=="
    },
    "ignore": {
      "version": "5.1.8",
      "resolved": "https://registry.npmjs.org/ignore/-/ignore-5.1.8.tgz",
      "integrity": "sha512-BMpfD7PpiETpBl/A6S498BaIJ6Y/ABT93ETbby2fP00v4EbvPBXWEoaR1UBPKs3iR53pJY7EtZk5KACI57i1Uw=="
    },
    "js-yaml": {
      "version": "4.0.0",
      "resolved": "https://registry.npmjs.org/js-yaml/-/js-yaml-4.0.0.tgz",
      "integrity": "sha512-pqon0s+4ScYUvX30wxQi3PogGFAlUyH0awepWvwkj4jD4v+ova3RiYw8bmA6x2rDrEaj8i/oWKoRxpVNW+Re8Q==",
      "requires": {
        "argparse": "^2.0.1"
      }
    },
    "jsonfile": {
      "version": "6.1.0",
      "resolved": "https://registry.npmjs.org/jsonfile/-/jsonfile-6.1.0.tgz",
      "integrity": "sha512-5dgndWOriYSm5cnYaJNhalLNDKOqFwyDB/rr1E9ZsGciGvKPs8R2xYGCacuf3z6K1YKDz182fd+fY3cn3pMqXQ==",
      "requires": {
        "graceful-fs": "^4.1.6",
        "universalify": "^2.0.0"
      }
    },
    "jsonschema": {
      "version": "1.4.0",
      "resolved": "https://registry.npmjs.org/jsonschema/-/jsonschema-1.4.0.tgz",
      "integrity": "sha512-/YgW6pRMr6M7C+4o8kS+B/2myEpHCrxO4PEWnqJNBFMjn7EWXqlQ4tGwL6xTHeRplwuZmcAncdvfOad1nT2yMw=="
    },
    "lru-cache": {
      "version": "6.0.0",
      "resolved": "https://registry.npmjs.org/lru-cache/-/lru-cache-6.0.0.tgz",
      "integrity": "sha512-Jo6dJ04CmSjuznwJSS3pUeWmd/H0ffTlkXXgwZi+eq1UCmqQwCh+eLsYOYCwY991i2Fah4h1BEMCx4qThGbsiA==",
      "requires": {
        "yallist": "^4.0.0"
      }
    },
    "make-error": {
      "version": "1.3.6",
      "resolved": "https://registry.npmjs.org/make-error/-/make-error-1.3.6.tgz",
      "integrity": "sha512-s8UhlNe7vPKomQhC1qFelMokr/Sc3AgNbso3n74mVPA5LTZwkB9NlXf4XPamLxJE8h0gh73rM94xvwRT2CVInw==",
      "dev": true
    },
    "minimatch": {
      "version": "3.0.4",
      "resolved": "https://registry.npmjs.org/minimatch/-/minimatch-3.0.4.tgz",
      "integrity": "sha512-yJHVQEhyqPLUTgt9B83PXu6W3rx4MvvHvSUvToogpwoGDOUQ+yDrR0HRot+yOCdCO7u4hX3pWft6kWBBcqh0UA==",
      "requires": {
        "brace-expansion": "^1.1.7"
      }
    },
    "semver": {
      "version": "7.3.5",
      "resolved": "https://registry.npmjs.org/semver/-/semver-7.3.5.tgz",
      "integrity": "sha512-PoeGJYh8HK4BTO/a9Tf6ZG3veo/A7ZVsYrSA6J8ny9nb3B1VrpkuN+z9OE5wfE5p6H4LchYZsegiQgbJD94ZFQ==",
      "requires": {
        "lru-cache": "^6.0.0"
      }
    },
    "source-map": {
      "version": "0.6.1",
      "resolved": "https://registry.npmjs.org/source-map/-/source-map-0.6.1.tgz",
      "integrity": "sha512-UjgapumWlbMhkBgzT7Ykc5YXUT46F0iKu8SGXq0bcwP5dz/h0Plj6enJqjz1Zbq2l5WaqYnrVbwWOWMyF3F47g=="
    },
    "source-map-support": {
      "version": "0.5.19",
      "resolved": "https://registry.npmjs.org/source-map-support/-/source-map-support-0.5.19.tgz",
      "integrity": "sha512-Wonm7zOCIJzBGQdB+thsPar0kYuCIzYvxZwlBa87yi/Mdjv7Tip2cyVbLj5o0cFPN4EVkuTwb3GDDyUx2DGnGw==",
      "requires": {
        "buffer-from": "^1.0.0",
        "source-map": "^0.6.0"
      }
    },
    "ts-node": {
      "version": "9.1.1",
      "resolved": "https://registry.npmjs.org/ts-node/-/ts-node-9.1.1.tgz",
      "integrity": "sha512-hPlt7ZACERQGf03M253ytLY3dHbGNGrAq9qIHWUY9XHYl1z7wYngSr3OQ5xmui8o2AaxsONxIzjafLUiWBo1Fg==",
      "dev": true,
      "requires": {
        "arg": "^4.1.0",
        "create-require": "^1.1.0",
        "diff": "^4.0.1",
        "make-error": "^1.1.1",
        "source-map-support": "^0.5.17",
        "yn": "3.1.1"
      }
    },
    "typescript": {
      "version": "3.9.9",
      "resolved": "https://registry.npmjs.org/typescript/-/typescript-3.9.9.tgz",
      "integrity": "sha512-kdMjTiekY+z/ubJCATUPlRDl39vXYiMV9iyeMuEuXZh2we6zz80uovNN2WlAxmmdE/Z/YQe+EbOEXB5RHEED3w==",
      "dev": true
    },
    "universalify": {
      "version": "2.0.0",
      "resolved": "https://registry.npmjs.org/universalify/-/universalify-2.0.0.tgz",
      "integrity": "sha512-hAZsKq7Yy11Zu1DE0OzWjw7nnLZmJZYTDZZyEFHZdUhV8FkH5MCfoU1XMaxXovpyW5nq5scPqq0ZDP9Zyl04oQ=="
    },
    "yallist": {
      "version": "4.0.0",
      "resolved": "https://registry.npmjs.org/yallist/-/yallist-4.0.0.tgz",
      "integrity": "sha512-3wdGidZyq5PB084XLES5TpOSRA3wjXAlIWMhum2kRcv/41Sn2emQ0dycQW4uZXLejwKvg6EsvbdlVL+FYEct7A=="
    },
    "yaml": {
      "version": "1.10.2",
      "resolved": "https://registry.npmjs.org/yaml/-/yaml-1.10.2.tgz",
      "integrity": "sha512-r3vXyErRCYJ7wg28yvBY5VSoAF8ZvlcW9/BwUzEtUsjvX/DKs24dIkuwjtuprwJJHsbyUbLApepYTR1BN4uHrg=="
    },
    "yn": {
      "version": "3.1.1",
      "resolved": "https://registry.npmjs.org/yn/-/yn-3.1.1.tgz",
      "integrity": "sha512-Ux4ygGWsu2c7isFWe8Yu1YluJmqVhxqK2cLXNQA5AcC3QfbGNpM7fu0Y8b/z16pXLnFxZYvWhd3fhBY9DLmC6Q==",
      "dev": true
    }
  }
}
